
Microsoft Visual Studio Solution File, Format Version 12.00
# Visual Studio 15
VisualStudioVersion = 15.0.28307.168
MinimumVisualStudioVersion = 10.0.40219.1
Project("{F2A71F9B-5D33-465A-A702-920D77279786}") = "Basic Akka", "src\AkkaExample\Basic Akka.fsproj", "{D9C1DE46-0E01-4135-9C54-ADF88BC82CC6}"
EndProject
Project("{2150E333-8FDC-42A3-9474-1A3956D46DE8}") = ".nuget", ".nuget", "{ED355580-A043-4AEB-A766-94C2D9624FB4}"
	ProjectSection(SolutionItems) = preProject
		.nuget\NuGet.Config = .nuget\NuGet.Config
		.nuget\NuGet.exe = .nuget\NuGet.exe
		.nuget\NuGet.targets = .nuget\NuGet.targets
	EndProjectSection
EndProject
Global
	GlobalSection(SolutionConfigurationPlatforms) = preSolution
		Debug Mono|Any CPU = Debug Mono|Any CPU
		Debug|Any CPU = Debug|Any CPU
		Release Mono|Any CPU = Release Mono|Any CPU
		Release|Any CPU = Release|Any CPU
	EndGlobalSection
	GlobalSection(ProjectConfigurationPlatforms) = postSolution
		{D9C1DE46-0E01-4135-9C54-ADF88BC82CC6}.Debug Mono|Any CPU.ActiveCfg = Debug|Any CPU
		{D9C1DE46-0E01-4135-9C54-ADF88BC82CC6}.Debug Mono|Any CPU.Build.0 = Debug|Any CPU
		{D9C1DE46-0E01-4135-9C54-ADF88BC82CC6}.Debug|Any CPU.ActiveCfg = Debug|Any CPU
		{D9C1DE46-0E01-4135-9C54-ADF88BC82CC6}.Debug|Any CPU.Build.0 = Debug|Any CPU
		{D9C1DE46-0E01-4135-9C54-ADF88BC82CC6}.Release Mono|Any CPU.ActiveCfg = Release|Any CPU
		{D9C1DE46-0E01-4135-9C54-ADF88BC82CC6}.Release Mono|Any CPU.Build.0 = Release|Any CPU
		{D9C1DE46-0E01-4135-9C54-ADF88BC82CC6}.Release|Any CPU.ActiveCfg = Release|Any CPU
		{D9C1DE46-0E01-4135-9C54-ADF88BC82CC6}.Release|Any CPU.Build.0 = Release|Any CPU
	EndGlobalSection
	GlobalSection(SolutionProperties) = preSolution
		HideSolutionNode = FALSE
	EndGlobalSection
	GlobalSection(ExtensibilityGlobals) = postSolution
		SolutionGuid = {8437EFC9-F8C7-44DD-92FB-660990376818}
	EndGlobalSection
EndGlobal
